# generated by rye
# use `rye lock` or `rye sync` to update this lockfile
#
# last locked with the following flags:
#   pre: false
#   features: []
#   all-features: false
#   with-sources: false
#   generate-hashes: false
#   universal: false

-e file:.
certifi==2024.12.14
    # via clickhouse-connect
clickhouse-connect==0.8.13
    # via dbgpt-integration
exceptiongroup==1.2.2
    # via pytest
future==1.0.0
    # via pyhive
greenlet==3.1.1
    # via sqlalchemy
iniconfig==2.0.0
    # via pytest
lz4==4.3.3
    # via clickhouse-connect
mysqlclient==2.1.0
    # via dbgpt-integration
    # via pydoris
packaging==24.2
    # via pytest
pluggy==1.5.0
    # via pytest
psycopg2==2.9.10
    # via dbgpt-integration
pure-sasl==0.6.2
    # via thrift-sasl
py4j==0.10.9.7
    # via pyspark
pydoris==1.0.6
    # via dbgpt-integration
pyhive==0.7.0
    # via dbgpt-integration
pymssql==2.3.2
    # via dbgpt-integration
pymysql==1.1.1
    # via dbgpt-integration
pyspark==3.5.4
    # via dbgpt-integration
pytest==8.3.4
    # via dbgpt-integration
python-dateutil==2.9.0.post0
    # via pyhive
    # via vertica-python
pytz==2024.2
    # via clickhouse-connect
six==1.17.0
    # via python-dateutil
    # via thrift
    # via thrift-sasl
    # via vertica-python
sqlalchemy==1.4.54
    # via pydoris
    # via sqlalchemy-utils
sqlalchemy-utils==0.38.3
    # via pydoris
thrift==0.21.0
    # via dbgpt-integration
    # via thrift-sasl
thrift-sasl==0.4.3
    # via dbgpt-integration
tomli==2.2.1
    # via pytest
urllib3==2.3.0
    # via clickhouse-connect
vertica-python==1.4.0
    # via dbgpt-integration
zstandard==0.23.0
    # via clickhouse-connect
