# generated by rye
# use `rye lock` or `rye sync` to update this lockfile
#
# last locked with the following flags:
#   pre: false
#   features: []
#   all-features: false
#   with-sources: false
#   generate-hashes: false
#   universal: false

-e file:.
aiohttp==3.8.4
    # via dbgpt
aiosignal==1.3.2
    # via aiohttp
annotated-types==0.7.0
    # via pydantic
async-timeout==4.0.3
    # via aiohttp
attrs==24.3.0
    # via aiohttp
cachetools==5.5.0
    # via dbgpt
chardet==5.1.0
    # via dbgpt
charset-normalizer==3.4.1
    # via aiohttp
click==8.1.8
    # via dbgpt
colorama==0.4.6
    # via dbgpt
exceptiongroup==1.2.2
    # via pytest
frozenlist==1.5.0
    # via aiohttp
    # via aiosignal
idna==3.10
    # via yarl
importlib-resources==5.12.0
    # via dbgpt
iniconfig==2.0.0
    # via pytest
markdown-it-py==3.0.0
    # via rich
mdurl==0.1.2
    # via markdown-it-py
multidict==6.1.0
    # via aiohttp
    # via yarl
mypy-extensions==1.0.0
    # via typing-inspect
packaging==24.2
    # via pytest
pluggy==1.5.0
    # via pytest
prettytable==3.12.0
    # via dbgpt
propcache==0.2.1
    # via yarl
psutil==5.9.4
    # via dbgpt
pydantic==2.10.4
    # via dbgpt
pydantic-core==2.27.2
    # via pydantic
pygments==2.19.1
    # via rich
pytest==8.3.4
python-dotenv==1.0.0
    # via dbgpt
rich==13.9.4
    # via dbgpt
snowflake-id==1.0.2
    # via dbgpt
tomli==2.2.1
    # via pytest
tomlkit==0.13.2
    # via dbgpt
typeguard==4.4.1
    # via dbgpt
typing-extensions==4.12.2
    # via multidict
    # via pydantic
    # via pydantic-core
    # via rich
    # via typeguard
    # via typing-inspect
typing-inspect==0.9.0
    # via dbgpt
wcwidth==0.2.13
    # via prettytable
yarl==1.18.3
    # via aiohttp
