# generated by rye
# use `rye lock` or `rye sync` to update this lockfile
#
# last locked with the following flags:
#   pre: false
#   features: []
#   all-features: false
#   with-sources: false
#   generate-hashes: false
#   universal: false

-e file:dbgpt-app
-e file:dbgpt-client
-e file:dbgpt-core
    # via dbgpt-integration
-e file:dbgpt-integration
    # via dbgpt-serve
-e file:dbgpt-serve
    # via dbgpt-app
    # via dbgpt-client
aiofiles==24.1.0
    # via dbgpt-app
aiohttp==3.8.4
    # via dbgpt
aiosignal==1.3.2
    # via aiohttp
alembic==1.12.0
    # via dbgpt
annotated-types==0.7.0
    # via pydantic
anyio==4.8.0
    # via httpx
    # via jupyter-server
    # via starlette
    # via watchfiles
appnope==0.1.4
    # via ipykernel
argon2-cffi==23.1.0
    # via jupyter-server
argon2-cffi-bindings==21.2.0
    # via argon2-cffi
arrow==1.3.0
    # via isoduration
asgiref==3.8.1
    # via opentelemetry-instrumentation-asgi
asttokens==3.0.0
    # via stack-data
async-lru==2.0.4
    # via jupyterlab
async-timeout==4.0.3
    # via aiohttp
attrs==24.3.0
    # via aiohttp
    # via jsonschema
    # via referencing
authlib==1.3.1
    # via weaviate-client
babel==2.16.0
    # via jupyterlab-server
backoff==2.2.1
    # via posthog
backports-tarfile==1.2.0
    # via jaraco-context
bcrypt==4.2.1
    # via chromadb
beautifulsoup4==4.12.3
    # via bs4
    # via nbconvert
black==24.10.0
bleach==6.2.0
    # via nbconvert
bs4==0.0.2
    # via dbgpt
build==1.2.2.post1
    # via chromadb
cachetools==5.5.0
    # via dbgpt
    # via google-auth
    # via zhipuai
certifi==2024.12.14
    # via clickhouse-connect
    # via httpcore
    # via httpx
    # via kubernetes
    # via requests
cffi==1.17.1
    # via argon2-cffi-bindings
    # via cryptography
chardet==5.1.0
    # via dbgpt
charset-normalizer==3.4.1
    # via aiohttp
    # via pdfminer-six
    # via requests
chroma-hnswlib==0.7.6
    # via chromadb
chromadb==0.6.2
    # via dbgpt-integration
click==8.1.8
    # via black
    # via dbgpt
    # via typer
    # via uvicorn
clickhouse-connect==0.8.13
    # via dbgpt-integration
cloudpickle==3.1.0
    # via lyric-py
    # via lyric-task
colorama==0.4.6
    # via dbgpt
coloredlogs==15.0.1
    # via onnxruntime
comm==0.2.2
    # via ipykernel
    # via ipywidgets
cryptography==44.0.0
    # via authlib
    # via dbgpt
    # via pdfminer-six
debugpy==1.8.11
    # via ipykernel
decorator==5.1.1
    # via ipython
defusedxml==0.7.1
    # via nbconvert
deprecated==1.2.15
    # via opentelemetry-api
    # via opentelemetry-exporter-otlp-proto-grpc
    # via opentelemetry-semantic-conventions
docutils==0.21.2
    # via readme-renderer
duckdb==1.1.3
    # via dbgpt-integration
    # via duckdb-engine
duckdb-engine==0.9.1
    # via dbgpt-integration
durationpy==0.9
    # via kubernetes
environs==9.5.0
    # via pymilvus
exceptiongroup==1.2.2
    # via anyio
    # via ipython
    # via pytest
executing==2.1.0
    # via stack-data
fastapi==0.112.4
    # via chromadb
    # via dbgpt
fastjsonschema==2.21.1
    # via nbformat
filelock==3.16.1
    # via huggingface-hub
    # via torch
    # via transformers
flatbuffers==24.12.23
    # via onnxruntime
fqdn==1.5.1
    # via jsonschema
frozenlist==1.5.0
    # via aiohttp
    # via aiosignal
fsspec==2024.12.0
    # via huggingface-hub
    # via torch
future==1.0.0
    # via pyhive
google-auth==2.37.0
    # via kubernetes
googleapis-common-protos==1.66.0
    # via opentelemetry-exporter-otlp-proto-grpc
greenlet==3.1.1
    # via sqlalchemy
grpcio==1.69.0
    # via chromadb
    # via grpcio-health-checking
    # via grpcio-tools
    # via opentelemetry-exporter-otlp-proto-grpc
    # via pymilvus
    # via weaviate-client
grpcio-health-checking==1.69.0
    # via weaviate-client
grpcio-tools==1.69.0
    # via weaviate-client
h11==0.14.0
    # via httpcore
    # via uvicorn
httpcore==1.0.7
    # via httpx
httptools==0.6.4
    # via uvicorn
httpx==0.28.1
    # via chromadb
    # via dbgpt
    # via jupyterlab
    # via weaviate-client
    # via zhipuai
huggingface-hub==0.27.1
    # via sentence-transformers
    # via tokenizers
    # via transformers
humanfriendly==10.0
    # via coloredlogs
idna==3.10
    # via anyio
    # via httpx
    # via jsonschema
    # via requests
    # via yarl
importlib-metadata==8.5.0
    # via keyring
    # via opentelemetry-api
importlib-resources==5.12.0
    # via chromadb
    # via dbgpt
iniconfig==2.0.0
    # via pytest
ipykernel==6.29.5
    # via jupyter
    # via jupyter-console
    # via jupyterlab
ipython==8.31.0
    # via ipykernel
    # via ipywidgets
    # via jupyter-console
ipywidgets==8.1.5
    # via jupyter
isoduration==20.11.0
    # via jsonschema
isort==5.13.2
jaraco-classes==3.4.0
    # via keyring
jaraco-context==6.0.1
    # via keyring
jaraco-functools==4.1.0
    # via keyring
jedi==0.19.2
    # via ipython
jinja2==3.1.5
    # via jupyter-server
    # via jupyterlab
    # via jupyterlab-server
    # via nbconvert
    # via torch
joblib==1.4.2
    # via scikit-learn
json5==0.10.0
    # via jupyterlab-server
jsonpointer==3.0.0
    # via jsonschema
jsonschema==4.23.0
    # via jupyter-events
    # via jupyterlab-server
    # via nbformat
jsonschema-specifications==2024.10.1
    # via jsonschema
jupyter==1.1.1
jupyter-client==8.6.3
    # via ipykernel
    # via jupyter-console
    # via jupyter-server
    # via nbclient
jupyter-console==6.6.3
    # via jupyter
jupyter-core==5.7.2
    # via ipykernel
    # via jupyter-client
    # via jupyter-console
    # via jupyter-server
    # via jupyterlab
    # via nbclient
    # via nbconvert
    # via nbformat
jupyter-events==0.11.0
    # via jupyter-server
jupyter-lsp==2.2.5
    # via jupyterlab
jupyter-server==2.15.0
    # via jupyter-lsp
    # via jupyterlab
    # via jupyterlab-server
    # via notebook
    # via notebook-shim
jupyter-server-terminals==0.5.3
    # via jupyter-server
jupyterlab==4.3.4
    # via jupyter
    # via notebook
jupyterlab-pygments==0.3.0
    # via nbconvert
jupyterlab-server==2.27.3
    # via jupyterlab
    # via notebook
jupyterlab-widgets==3.0.13
    # via ipywidgets
keyring==25.6.0
    # via twine
kubernetes==31.0.0
    # via chromadb
lxml==5.3.0
    # via python-docx
    # via python-pptx
lyric-py==0.1.6
    # via dbgpt
lyric-task==0.1.6
    # via lyric-py
lz4==4.3.3
    # via clickhouse-connect
mako==1.3.8
    # via alembic
markdown==3.7
    # via dbgpt
markdown-it-py==3.0.0
    # via rich
markupsafe==3.0.2
    # via jinja2
    # via mako
    # via nbconvert
marshmallow==3.24.1
    # via environs
matplotlib-inline==0.1.7
    # via ipykernel
    # via ipython
mdurl==0.1.2
    # via markdown-it-py
milvus-lite==2.4.11
    # via pymilvus
mistune==3.1.0
    # via nbconvert
mmh3==5.0.1
    # via chromadb
monotonic==1.6
    # via posthog
more-itertools==10.5.0
    # via jaraco-classes
    # via jaraco-functools
mpmath==1.3.0
    # via sympy
msgpack==1.1.0
    # via dbgpt
    # via lyric-py
    # via lyric-task
multidict==6.1.0
    # via aiohttp
    # via yarl
mypy-extensions==1.0.0
    # via black
    # via typing-inspect
mysqlclient==2.1.0
    # via dbgpt-integration
nbclient==0.10.2
    # via nbconvert
nbconvert==7.16.5
    # via jupyter
    # via jupyter-server
nbformat==5.10.4
    # via jupyter-server
    # via nbclient
    # via nbconvert
nest-asyncio==1.6.0
    # via ipykernel
networkx==3.4.2
    # via torch
nh3==0.2.20
    # via readme-renderer
notebook==7.3.2
    # via jupyter
notebook-shim==0.2.4
    # via jupyterlab
    # via notebook
numpy==1.26.4
    # via chroma-hnswlib
    # via chromadb
    # via dbgpt
    # via onnxruntime
    # via pandas
    # via scikit-learn
    # via scipy
    # via transformers
oauthlib==3.2.2
    # via kubernetes
    # via requests-oauthlib
onnxruntime==1.19.2
    # via chromadb
opentelemetry-api==1.29.0
    # via chromadb
    # via opentelemetry-exporter-otlp-proto-grpc
    # via opentelemetry-instrumentation
    # via opentelemetry-instrumentation-asgi
    # via opentelemetry-instrumentation-fastapi
    # via opentelemetry-sdk
    # via opentelemetry-semantic-conventions
opentelemetry-exporter-otlp-proto-common==1.29.0
    # via opentelemetry-exporter-otlp-proto-grpc
opentelemetry-exporter-otlp-proto-grpc==1.29.0
    # via chromadb
opentelemetry-instrumentation==0.50b0
    # via opentelemetry-instrumentation-asgi
    # via opentelemetry-instrumentation-fastapi
opentelemetry-instrumentation-asgi==0.50b0
    # via opentelemetry-instrumentation-fastapi
opentelemetry-instrumentation-fastapi==0.50b0
    # via chromadb
opentelemetry-proto==1.29.0
    # via opentelemetry-exporter-otlp-proto-common
    # via opentelemetry-exporter-otlp-proto-grpc
opentelemetry-sdk==1.29.0
    # via chromadb
    # via opentelemetry-exporter-otlp-proto-grpc
opentelemetry-semantic-conventions==0.50b0
    # via opentelemetry-instrumentation
    # via opentelemetry-instrumentation-asgi
    # via opentelemetry-instrumentation-fastapi
    # via opentelemetry-sdk
opentelemetry-util-http==0.50b0
    # via opentelemetry-instrumentation-asgi
    # via opentelemetry-instrumentation-fastapi
orjson==3.10.13
    # via chromadb
overrides==7.7.0
    # via chromadb
    # via jupyter-server
packaging==24.2
    # via black
    # via build
    # via huggingface-hub
    # via ipykernel
    # via jupyter-server
    # via jupyterlab
    # via jupyterlab-server
    # via marshmallow
    # via nbconvert
    # via onnxruntime
    # via opentelemetry-instrumentation
    # via pytest
    # via transformers
    # via twine
pandas==2.2.3
    # via dbgpt
    # via pymilvus
pandocfilters==1.5.1
    # via nbconvert
parso==0.8.4
    # via jedi
pathspec==0.12.1
    # via black
pdfminer-six==20231228
    # via pdfplumber
pdfplumber==0.11.5
    # via dbgpt
pexpect==4.9.0
    # via ipython
pillow==11.1.0
    # via pdfplumber
    # via python-pptx
    # via sentence-transformers
pip==24.3.1
pkginfo==1.12.0
    # via twine
platformdirs==4.3.6
    # via black
    # via jupyter-core
pluggy==1.5.0
    # via pytest
posthog==3.7.5
    # via chromadb
prettytable==3.12.0
    # via dbgpt
prometheus-client==0.21.1
    # via jupyter-server
prompt-toolkit==3.0.48
    # via ipython
    # via jupyter-console
propcache==0.2.1
    # via yarl
protobuf==5.29.2
    # via googleapis-common-protos
    # via grpcio-health-checking
    # via grpcio-tools
    # via onnxruntime
    # via opentelemetry-proto
    # via pymilvus
psutil==5.9.4
    # via dbgpt
    # via ipykernel
psycopg2==2.9.10
    # via dbgpt-integration
ptyprocess==0.7.0
    # via pexpect
    # via terminado
pure-eval==0.2.3
    # via stack-data
pure-sasl==0.6.2
    # via thrift-sasl
py4j==0.10.9.7
    # via pyspark
pyasn1==0.6.1
    # via pyasn1-modules
    # via rsa
pyasn1-modules==0.4.1
    # via google-auth
pycparser==2.22
    # via cffi
pydantic==2.10.4
    # via chromadb
    # via dbgpt
    # via fastapi
    # via weaviate-client
    # via zhipuai
pydantic-core==2.27.2
    # via pydantic
    # via zhipuai
pygments==2.19.1
    # via ipython
    # via jupyter-console
    # via nbconvert
    # via readme-renderer
    # via rich
pyhive==0.7.0
    # via dbgpt-integration
pyjwt==2.8.0
    # via zhipuai
pymilvus==2.4.9
    # via dbgpt-integration
pympler==1.1
    # via dbgpt
pymysql==1.1.1
    # via dbgpt-integration
pyparsing==3.2.1
    # via dbgpt-app
pypdf==5.1.0
    # via dbgpt
pypdfium2==4.30.1
    # via pdfplumber
pypika==0.48.9
    # via chromadb
pyproject-hooks==1.2.0
    # via build
pyspark==3.5.4
    # via dbgpt-integration
pytest==8.3.4
    # via dbgpt-integration
    # via pytest-asyncio
pytest-asyncio==0.25.1
python-dateutil==2.9.0.post0
    # via arrow
    # via jupyter-client
    # via kubernetes
    # via pandas
    # via posthog
    # via pyhive
    # via vertica-python
python-docx==1.1.2
    # via dbgpt
python-dotenv==1.0.0
    # via dbgpt
    # via environs
    # via uvicorn
python-json-logger==3.2.1
    # via jupyter-events
python-multipart==0.0.20
    # via dbgpt
python-pptx==1.0.2
    # via dbgpt
pytz==2024.2
    # via clickhouse-connect
    # via pandas
pyyaml==6.0.2
    # via chromadb
    # via huggingface-hub
    # via jupyter-events
    # via kubernetes
    # via transformers
    # via uvicorn
pyzmq==26.2.0
    # via ipykernel
    # via jupyter-client
    # via jupyter-console
    # via jupyter-server
readme-renderer==44.0
    # via twine
referencing==0.35.1
    # via jsonschema
    # via jsonschema-specifications
    # via jupyter-events
regex==2024.11.6
    # via tiktoken
    # via transformers
requests==2.32.3
    # via huggingface-hub
    # via jupyterlab-server
    # via kubernetes
    # via posthog
    # via requests-oauthlib
    # via requests-toolbelt
    # via tiktoken
    # via transformers
    # via twine
requests-oauthlib==2.0.0
    # via kubernetes
requests-toolbelt==1.0.0
    # via twine
rfc3339-validator==0.1.4
    # via jsonschema
    # via jupyter-events
rfc3986==2.0.0
    # via twine
rfc3986-validator==0.1.1
    # via jsonschema
    # via jupyter-events
rich==13.9.4
    # via chromadb
    # via dbgpt
    # via twine
    # via typer
rpds-py==0.22.3
    # via jsonschema
    # via referencing
rsa==4.9
    # via google-auth
safetensors==0.5.2
    # via transformers
schedule==1.2.2
    # via dbgpt
scikit-learn==1.6.0
    # via sentence-transformers
scipy==1.15.0
    # via scikit-learn
    # via sentence-transformers
send2trash==1.8.3
    # via jupyter-server
sentence-transformers==3.3.1
    # via dbgpt-app
setuptools==75.7.0
    # via grpcio-tools
    # via jupyterlab
    # via pymilvus
shellingham==1.5.4
    # via typer
shortuuid==1.0.13
    # via dbgpt
six==1.17.0
    # via kubernetes
    # via posthog
    # via python-dateutil
    # via rfc3339-validator
    # via thrift
    # via thrift-sasl
    # via vertica-python
sniffio==1.3.1
    # via anyio
snowflake-id==1.0.2
    # via dbgpt
soupsieve==2.6
    # via beautifulsoup4
sqlalchemy==2.0.28
    # via alembic
    # via dbgpt
    # via dbgpt-integration
    # via duckdb-engine
sqlparse==0.5.3
    # via dbgpt
stack-data==0.6.3
    # via ipython
starlette==0.38.6
    # via fastapi
sympy==1.13.3
    # via onnxruntime
    # via torch
tenacity==8.3.0
    # via chromadb
    # via dbgpt
terminado==0.18.1
    # via jupyter-server
    # via jupyter-server-terminals
threadpoolctl==3.5.0
    # via scikit-learn
thrift==0.21.0
    # via dbgpt-integration
    # via thrift-sasl
thrift-sasl==0.4.3
    # via dbgpt-integration
tiktoken==0.8.0
tinycss2==1.4.0
    # via bleach
tokenizers==0.21.0
    # via chromadb
    # via transformers
tomli==2.2.1
    # via black
    # via build
    # via jupyterlab
    # via pytest
tomli-w==1.1.0
tomlkit==0.13.2
    # via dbgpt
torch==2.2.2
    # via sentence-transformers
tornado==6.4.2
    # via ipykernel
    # via jupyter-client
    # via jupyter-server
    # via jupyterlab
    # via notebook
    # via terminado
tqdm==4.67.1
    # via chromadb
    # via huggingface-hub
    # via milvus-lite
    # via sentence-transformers
    # via transformers
traitlets==5.14.3
    # via comm
    # via ipykernel
    # via ipython
    # via ipywidgets
    # via jupyter-client
    # via jupyter-console
    # via jupyter-core
    # via jupyter-events
    # via jupyter-server
    # via jupyterlab
    # via matplotlib-inline
    # via nbclient
    # via nbconvert
    # via nbformat
transformers==4.47.1
    # via sentence-transformers
twine==6.0.1
typeguard==4.4.1
    # via dbgpt
typer==0.15.1
    # via chromadb
types-python-dateutil==2.9.0.20241206
    # via arrow
typing-extensions==4.12.2
    # via alembic
    # via anyio
    # via asgiref
    # via async-lru
    # via black
    # via chromadb
    # via fastapi
    # via huggingface-hub
    # via ipython
    # via mistune
    # via multidict
    # via opentelemetry-sdk
    # via pydantic
    # via pydantic-core
    # via pypdf
    # via python-docx
    # via python-pptx
    # via rich
    # via sqlalchemy
    # via torch
    # via typeguard
    # via typer
    # via typing-inspect
    # via uvicorn
typing-inspect==0.9.0
    # via dbgpt
tzdata==2024.2
    # via pandas
ujson==5.10.0
    # via pymilvus
uri-template==1.3.0
    # via jsonschema
urllib3==2.3.0
    # via clickhouse-connect
    # via kubernetes
    # via requests
    # via twine
uvicorn==0.34.0
    # via chromadb
uvloop==0.21.0
    # via uvicorn
validators==0.34.0
    # via weaviate-client
vertica-python==1.4.0
    # via dbgpt-integration
watchfiles==1.0.3
    # via uvicorn
wcwidth==0.2.13
    # via prettytable
    # via prompt-toolkit
weaviate-client==4.10.2
    # via dbgpt-integration
webcolors==24.11.1
    # via jsonschema
webencodings==0.5.1
    # via bleach
    # via tinycss2
websocket-client==1.8.0
    # via jupyter-server
    # via kubernetes
websockets==14.1
    # via uvicorn
widgetsnbextension==4.0.13
    # via ipywidgets
wrapt==1.17.0
    # via deprecated
    # via opentelemetry-instrumentation
xlsxwriter==3.2.0
    # via python-pptx
yarl==1.18.3
    # via aiohttp
zhipuai==2.1.5.20250106
    # via dbgpt
zipp==3.21.0
    # via importlib-metadata
zstandard==0.23.0
    # via clickhouse-connect
